
Microsoft Visual Studio Solution File, Format Version 12.00
# Visual Studio Version 17
VisualStudioVersion = 17.13.35825.156 d17.13
MinimumVisualStudioVersion = 10.0.40219.1
Project("{2150E333-8FDC-42A3-9474-1A3956D46DE8}") = "Apresentação", "Apresentação", "{02EA681E-C7D8-13C7-8484-4AC65E1B71E8}"
EndProject
Project("{2150E333-8FDC-42A3-9474-1A3956D46DE8}") = "Dominío", "Dominío", "{A22A214D-FFA0-45E1-A8FD-AEC8DBB9D5DB}"
EndProject
Project("{2150E333-8FDC-42A3-9474-1A3956D46DE8}") = "Infraestrutura", "Infraestrutura", "{3979D759-5FE1-4D39-A691-82EE94A690F4}"
EndProject
Project("{FAE04EC0-301F-11D3-BF4B-00C04F79EFBC}") = "ControleDeBar.WebApp", "ControleDeBar.WebApp\ControleDeBar.WebApp.csproj", "{BF01220C-F369-4173-A55F-A1C8D2A6EE41}"
EndProject
Global
	GlobalSection(SolutionConfigurationPlatforms) = preSolution
		Debug|Any CPU = Debug|Any CPU
		Release|Any CPU = Release|Any CPU
	EndGlobalSection
	GlobalSection(ProjectConfigurationPlatforms) = postSolution
		{BF01220C-F369-4173-A55F-A1C8D2A6EE41}.Debug|Any CPU.ActiveCfg = Debug|Any CPU
		{BF01220C-F369-4173-A55F-A1C8D2A6EE41}.Debug|Any CPU.Build.0 = Debug|Any CPU
		{BF01220C-F369-4173-A55F-A1C8D2A6EE41}.Release|Any CPU.ActiveCfg = Release|Any CPU
		{BF01220C-F369-4173-A55F-A1C8D2A6EE41}.Release|Any CPU.Build.0 = Release|Any CPU
	EndGlobalSection
	GlobalSection(SolutionProperties) = preSolution
		HideSolutionNode = FALSE
	EndGlobalSection
	GlobalSection(ExtensibilityGlobals) = postSolution
		SolutionGuid = {B0D43043-AC57-4512-82EE-D018EDE8B3A2}
	EndGlobalSection
EndGlobal
